{
  "version": 4,
  "terraform_version": "1.3.7",
  "serial": 15,
  "lineage": "d3bed758-3f8e-bd8a-20d8-2feed073d2a2",
  "outputs": {
    "aws_security_group_http_server_details": {
      "value": {
        "arn": "arn:aws:ec2:us-east-1:640178891949:security-group/sg-0e548a2dff1b7e5e8",
        "description": "Managed by Terraform",
        "egress": [
          {
            "cidr_blocks": [
              "0.0.0.0/0"
            ],
            "description": "",
            "from_port": 0,
            "ipv6_cidr_blocks": [],
            "prefix_list_ids": [],
            "protocol": "-1",
            "security_groups": [],
            "self": false,
            "to_port": 0
          }
        ],
        "id": "sg-0e548a2dff1b7e5e8",
        "ingress": [
          {
            "cidr_blocks": [
              "0.0.0.0/0"
            ],
            "description": "",
            "from_port": 22,
            "ipv6_cidr_blocks": [],
            "prefix_list_ids": [],
            "protocol": "tcp",
            "security_groups": [],
            "self": false,
            "to_port": 22
          },
          {
            "cidr_blocks": [
              "0.0.0.0/0"
            ],
            "description": "",
            "from_port": 80,
            "ipv6_cidr_blocks": [],
            "prefix_list_ids": [],
            "protocol": "tcp",
            "security_groups": [],
            "self": false,
            "to_port": 80
          }
        ],
        "name": "http_server_sg",
        "name_prefix": "",
        "owner_id": "640178891949",
        "revoke_rules_on_delete": false,
        "tags": {
          "name": "http_server_sg"
        },
        "tags_all": {
          "name": "http_server_sg"
        },
        "timeouts": null,
        "vpc_id": "vpc-0d098073d3eb2d578"
      },
      "type": [
        "object",
        {
          "arn": "string",
          "description": "string",
          "egress": [
            "set",
            [
              "object",
              {
                "cidr_blocks": [
                  "list",
                  "string"
                ],
                "description": "string",
                "from_port": "number",
                "ipv6_cidr_blocks": [
                  "list",
                  "string"
                ],
                "prefix_list_ids": [
                  "list",
                  "string"
                ],
                "protocol": "string",
                "security_groups": [
                  "set",
                  "string"
                ],
                "self": "bool",
                "to_port": "number"
              }
            ]
          ],
          "id": "string",
          "ingress": [
            "set",
            [
              "object",
              {
                "cidr_blocks": [
                  "list",
                  "string"
                ],
                "description": "string",
                "from_port": "number",
                "ipv6_cidr_blocks": [
                  "list",
                  "string"
                ],
                "prefix_list_ids": [
                  "list",
                  "string"
                ],
                "protocol": "string",
                "security_groups": [
                  "set",
                  "string"
                ],
                "self": "bool",
                "to_port": "number"
              }
            ]
          ],
          "name": "string",
          "name_prefix": "string",
          "owner_id": "string",
          "revoke_rules_on_delete": "bool",
          "tags": [
            "map",
            "string"
          ],
          "tags_all": [
            "map",
            "string"
          ],
          "timeouts": [
            "object",
            {
              "create": "string",
              "delete": "string"
            }
          ],
          "vpc_id": "string"
        }
      ]
    },
    "elb_public_dns": {
      "value": {
        "access_logs": [],
        "arn": "arn:aws:elasticloadbalancing:us-east-1:640178891949:loadbalancer/elb",
        "availability_zones": [
          "us-east-1a",
          "us-east-1b",
          "us-east-1c",
          "us-east-1d",
          "us-east-1e",
          "us-east-1f"
        ],
        "connection_draining": false,
        "connection_draining_timeout": 300,
        "cross_zone_load_balancing": true,
        "desync_mitigation_mode": "defensive",
        "dns_name": "elb-1017193907.us-east-1.elb.amazonaws.com",
        "health_check": [
          {
            "healthy_threshold": 10,
            "interval": 30,
            "target": "TCP:80",
            "timeout": 5,
            "unhealthy_threshold": 2
          }
        ],
        "id": "elb",
        "idle_timeout": 60,
        "instances": [
          "i-02cc3bcdb6dbda330",
          "i-05a3e73a6186238d4",
          "i-0799aa4eec68cbe32",
          "i-0a47c3479ff861c3f",
          "i-0bd66a63af68ea299",
          "i-0dfb5c89906c24c6c"
        ],
        "internal": false,
        "listener": [
          {
            "instance_port": 80,
            "instance_protocol": "http",
            "lb_port": 80,
            "lb_protocol": "http",
            "ssl_certificate_id": ""
          }
        ],
        "name": "elb",
        "name_prefix": null,
        "security_groups": [
          "sg-02751d552f3cf05f8"
        ],
        "source_security_group": "640178891949/elb_sg",
        "source_security_group_id": "sg-02751d552f3cf05f8",
        "subnets": [
          "subnet-02060f41fa8ca5b8d",
          "subnet-0bedf9c6414dd6599",
          "subnet-0cb15d0898267c776",
          "subnet-0d1a4f4071a9d6970",
          "subnet-0ef0d5508555e7946",
          "subnet-0f985ad1110613594"
        ],
        "tags": {},
        "tags_all": {},
        "zone_id": "Z35SXDOTRQ7X7K"
      },
      "type": [
        "object",
        {
          "access_logs": [
            "list",
            [
              "object",
              {
                "bucket": "string",
                "bucket_prefix": "string",
                "enabled": "bool",
                "interval": "number"
              }
            ]
          ],
          "arn": "string",
          "availability_zones": [
            "set",
            "string"
          ],
          "connection_draining": "bool",
          "connection_draining_timeout": "number",
          "cross_zone_load_balancing": "bool",
          "desync_mitigation_mode": "string",
          "dns_name": "string",
          "health_check": [
            "list",
            [
              "object",
              {
                "healthy_threshold": "number",
                "interval": "number",
                "target": "string",
                "timeout": "number",
                "unhealthy_threshold": "number"
              }
            ]
          ],
          "id": "string",
          "idle_timeout": "number",
          "instances": [
            "set",
            "string"
          ],
          "internal": "bool",
          "listener": [
            "set",
            [
              "object",
              {
                "instance_port": "number",
                "instance_protocol": "string",
                "lb_port": "number",
                "lb_protocol": "string",
                "ssl_certificate_id": "string"
              }
            ]
          ],
          "name": "string",
          "name_prefix": "string",
          "security_groups": [
            "set",
            "string"
          ],
          "source_security_group": "string",
          "source_security_group_id": "string",
          "subnets": [
            "set",
            "string"
          ],
          "tags": [
            "map",
            "string"
          ],
          "tags_all": [
            "map",
            "string"
          ],
          "zone_id": "string"
        }
      ]
    },
    "http_server_public_dns": {
      "value": [
        "i-0dfb5c89906c24c6c",
        "i-0a47c3479ff861c3f",
        "i-0bd66a63af68ea299",
        "i-05a3e73a6186238d4",
        "i-0799aa4eec68cbe32",
        "i-02cc3bcdb6dbda330"
      ],
      "type": [
        "tuple",
        [
          "string",
          "string",
          "string",
          "string",
          "string",
          "string"
        ]
      ]
    }
  },
  "resources": [
    {
      "mode": "data",
      "type": "aws_ami",
      "name": "aws_linux_2_latest",
      "provider": "provider[\"registry.terraform.io/hashicorp/aws\"]",
      "instances": [
        {
          "schema_version": 0,
          "attributes": {
            "architecture": "x86_64",
            "arn": "arn:aws:ec2:us-east-1::image/ami-0aa7d40eeae50c9a9",
            "block_device_mappings": [
              {
                "device_name": "/dev/xvda",
                "ebs": {
                  "delete_on_termination": "true",
                  "encrypted": "false",
                  "iops": "0",
                  "snapshot_id": "snap-0c371a5504a01769d",
                  "throughput": "0",
                  "volume_size": "8",
                  "volume_type": "gp2"
                },
                "no_device": "",
                "virtual_name": ""
              }
            ],
            "creation_date": "2023-01-25T17:21:15.000Z",
            "description": "Amazon Linux 2 Kernel 5.10 AMI 2.0.20230119.1 x86_64 HVM gp2",
            "ena_support": true,
            "executable_users": null,
            "filter": [
              {
                "name": "name",
                "values": [
                  "amzn2-ami-kernel-5.10-hvm*"
                ]
              }
            ],
            "hypervisor": "xen",
            "id": "ami-0aa7d40eeae50c9a9",
            "image_id": "ami-0aa7d40eeae50c9a9",
            "image_location": "amazon/amzn2-ami-kernel-5.10-hvm-2.0.20230119.1-x86_64-gp2",
            "image_owner_alias": "amazon",
            "image_type": "machine",
            "kernel_id": null,
            "most_recent": true,
            "name": "amzn2-ami-kernel-5.10-hvm-2.0.20230119.1-x86_64-gp2",
            "name_regex": null,
            "owner_id": "137112412989",
            "owners": [
              "amazon"
            ],
            "platform": null,
            "platform_details": "Linux/UNIX",
            "product_codes": [],
            "public": true,
            "ramdisk_id": null,
            "root_device_name": "/dev/xvda",
            "root_device_type": "ebs",
            "root_snapshot_id": "snap-0c371a5504a01769d",
            "sriov_net_support": "simple",
            "state": "available",
            "state_reason": {
              "code": "UNSET",
              "message": "UNSET"
            },
            "tags": {},
            "usage_operation": "RunInstances",
            "virtualization_type": "hvm"
          },
          "sensitive_attributes": []
        }
      ]
    },
    {
      "mode": "data",
      "type": "aws_subnets",
      "name": "default_subnets",
      "provider": "provider[\"registry.terraform.io/hashicorp/aws\"]",
      "instances": [
        {
          "schema_version": 0,
          "attributes": {
            "filter": [
              {
                "name": "vpc-id",
                "values": [
                  "vpc-0d098073d3eb2d578"
                ]
              }
            ],
            "id": "us-east-1",
            "ids": [
              "subnet-0ef0d5508555e7946",
              "subnet-0cb15d0898267c776",
              "subnet-02060f41fa8ca5b8d",
              "subnet-0bedf9c6414dd6599",
              "subnet-0d1a4f4071a9d6970",
              "subnet-0f985ad1110613594"
            ],
            "tags": null
          },
          "sensitive_attributes": []
        }
      ]
    },
    {
      "mode": "managed",
      "type": "aws_default_vpc",
      "name": "default",
      "provider": "provider[\"registry.terraform.io/hashicorp/aws\"]",
      "instances": [
        {
          "schema_version": 1,
          "attributes": {
            "arn": "arn:aws:ec2:us-east-1:640178891949:vpc/vpc-0d098073d3eb2d578",
            "assign_generated_ipv6_cidr_block": false,
            "cidr_block": "172.31.0.0/16",
            "default_network_acl_id": "acl-0ee0d964409126dd0",
            "default_route_table_id": "rtb-0dfba7b1211dab5f8",
            "default_security_group_id": "sg-035843cec1f0279c3",
            "dhcp_options_id": "dopt-0f2743a30e5ca7677",
            "enable_classiclink": false,
            "enable_classiclink_dns_support": false,
            "enable_dns_hostnames": true,
            "enable_dns_support": true,
            "id": "vpc-0d098073d3eb2d578",
            "instance_tenancy": "default",
            "ipv4_ipam_pool_id": null,
            "ipv4_netmask_length": null,
            "ipv6_association_id": "",
            "ipv6_cidr_block": "",
            "ipv6_cidr_block_network_border_group": "",
            "ipv6_ipam_pool_id": "",
            "ipv6_netmask_length": 0,
            "main_route_table_id": "rtb-0dfba7b1211dab5f8",
            "owner_id": "640178891949",
            "tags": {},
            "tags_all": {}
          },
          "sensitive_attributes": [],
          "private": "eyJzY2hlbWFfdmVyc2lvbiI6IjEifQ=="
        }
      ]
    },
    {
      "mode": "managed",
      "type": "aws_elb",
      "name": "elb",
      "provider": "provider[\"registry.terraform.io/hashicorp/aws\"]",
      "instances": [
        {
          "schema_version": 0,
          "attributes": {
            "access_logs": [],
            "arn": "arn:aws:elasticloadbalancing:us-east-1:640178891949:loadbalancer/elb",
            "availability_zones": [
              "us-east-1a",
              "us-east-1b",
              "us-east-1c",
              "us-east-1d",
              "us-east-1e",
              "us-east-1f"
            ],
            "connection_draining": false,
            "connection_draining_timeout": 300,
            "cross_zone_load_balancing": true,
            "desync_mitigation_mode": "defensive",
            "dns_name": "elb-1017193907.us-east-1.elb.amazonaws.com",
            "health_check": [
              {
                "healthy_threshold": 10,
                "interval": 30,
                "target": "TCP:80",
                "timeout": 5,
                "unhealthy_threshold": 2
              }
            ],
            "id": "elb",
            "idle_timeout": 60,
            "instances": [
              "i-02cc3bcdb6dbda330",
              "i-05a3e73a6186238d4",
              "i-0799aa4eec68cbe32",
              "i-0a47c3479ff861c3f",
              "i-0bd66a63af68ea299",
              "i-0dfb5c89906c24c6c"
            ],
            "internal": false,
            "listener": [
              {
                "instance_port": 80,
                "instance_protocol": "http",
                "lb_port": 80,
                "lb_protocol": "http",
                "ssl_certificate_id": ""
              }
            ],
            "name": "elb",
            "name_prefix": null,
            "security_groups": [
              "sg-02751d552f3cf05f8"
            ],
            "source_security_group": "640178891949/elb_sg",
            "source_security_group_id": "sg-02751d552f3cf05f8",
            "subnets": [
              "subnet-02060f41fa8ca5b8d",
              "subnet-0bedf9c6414dd6599",
              "subnet-0cb15d0898267c776",
              "subnet-0d1a4f4071a9d6970",
              "subnet-0ef0d5508555e7946",
              "subnet-0f985ad1110613594"
            ],
            "tags": {},
            "tags_all": {},
            "zone_id": "Z35SXDOTRQ7X7K"
          },
          "sensitive_attributes": [],
          "private": "bnVsbA==",
          "dependencies": [
            "aws_default_vpc.default",
            "aws_instance.http_servers",
            "aws_security_group.elb_sg",
            "aws_security_group.http_server_sg",
            "data.aws_ami.aws_linux_2_latest",
            "data.aws_subnets.default_subnets"
          ]
        }
      ]
    },
    {
      "mode": "managed",
      "type": "aws_instance",
      "name": "http_servers",
      "provider": "provider[\"registry.terraform.io/hashicorp/aws\"]",
      "instances": [
        {
          "index_key": "subnet-02060f41fa8ca5b8d",
          "schema_version": 1,
          "attributes": {
            "ami": "ami-0aa7d40eeae50c9a9",
            "arn": "arn:aws:ec2:us-east-1:640178891949:instance/i-0dfb5c89906c24c6c",
            "associate_public_ip_address": true,
            "availability_zone": "us-east-1b",
            "capacity_reservation_specification": [
              {
                "capacity_reservation_preference": "open",
                "capacity_reservation_target": []
              }
            ],
            "cpu_core_count": 1,
            "cpu_threads_per_core": 1,
            "credit_specification": [
              {
                "cpu_credits": "standard"
              }
            ],
            "disable_api_termination": false,
            "ebs_block_device": [],
            "ebs_optimized": false,
            "enclave_options": [
              {
                "enabled": false
              }
            ],
            "ephemeral_block_device": [],
            "get_password_data": false,
            "hibernation": false,
            "host_id": null,
            "iam_instance_profile": "",
            "id": "i-0dfb5c89906c24c6c",
            "instance_initiated_shutdown_behavior": "stop",
            "instance_state": "running",
            "instance_type": "t2.micro",
            "ipv6_address_count": 0,
            "ipv6_addresses": [],
            "key_name": "default_ec2",
            "launch_template": [],
            "metadata_options": [
              {
                "http_endpoint": "enabled",
                "http_put_response_hop_limit": 1,
                "http_tokens": "optional",
                "instance_metadata_tags": "disabled"
              }
            ],
            "monitoring": false,
            "network_interface": [],
            "outpost_arn": "",
            "password_data": "",
            "placement_group": "",
            "placement_partition_number": null,
            "primary_network_interface_id": "eni-059d49b445b60731b",
            "private_dns": "ip-172-31-2-85.ec2.internal",
            "private_ip": "172.31.2.85",
            "public_dns": "ec2-34-201-10-173.compute-1.amazonaws.com",
            "public_ip": "34.201.10.173",
            "root_block_device": [
              {
                "delete_on_termination": true,
                "device_name": "/dev/xvda",
                "encrypted": false,
                "iops": 100,
                "kms_key_id": "",
                "tags": {},
                "throughput": 0,
                "volume_id": "vol-0245a204d965693cc",
                "volume_size": 8,
                "volume_type": "gp2"
              }
            ],
            "secondary_private_ips": [],
            "security_groups": [
              "http_server_sg"
            ],
            "source_dest_check": true,
            "subnet_id": "subnet-02060f41fa8ca5b8d",
            "tags": {
              "name": "http_servers_subnet-02060f41fa8ca5b8d"
            },
            "tags_all": {
              "name": "http_servers_subnet-02060f41fa8ca5b8d"
            },
            "tenancy": "default",
            "timeouts": null,
            "user_data": null,
            "user_data_base64": null,
            "volume_tags": null,
            "vpc_security_group_ids": [
              "sg-0e548a2dff1b7e5e8"
            ]
          },
          "sensitive_attributes": [],
          "private": "eyJlMmJmYjczMC1lY2FhLTExZTYtOGY4OC0zNDM2M2JjN2M0YzAiOnsiY3JlYXRlIjo2MDAwMDAwMDAwMDAsImRlbGV0ZSI6MTIwMDAwMDAwMDAwMCwidXBkYXRlIjo2MDAwMDAwMDAwMDB9LCJzY2hlbWFfdmVyc2lvbiI6IjEifQ==",
          "dependencies": [
            "aws_default_vpc.default",
            "aws_security_group.http_server_sg",
            "data.aws_ami.aws_linux_2_latest",
            "data.aws_subnets.default_subnets"
          ]
        },
        {
          "index_key": "subnet-0bedf9c6414dd6599",
          "schema_version": 1,
          "attributes": {
            "ami": "ami-0aa7d40eeae50c9a9",
            "arn": "arn:aws:ec2:us-east-1:640178891949:instance/i-0a47c3479ff861c3f",
            "associate_public_ip_address": true,
            "availability_zone": "us-east-1e",
            "capacity_reservation_specification": [
              {
                "capacity_reservation_preference": "open",
                "capacity_reservation_target": []
              }
            ],
            "cpu_core_count": 1,
            "cpu_threads_per_core": 1,
            "credit_specification": [
              {
                "cpu_credits": "standard"
              }
            ],
            "disable_api_termination": false,
            "ebs_block_device": [],
            "ebs_optimized": false,
            "enclave_options": [
              {
                "enabled": false
              }
            ],
            "ephemeral_block_device": [],
            "get_password_data": false,
            "hibernation": false,
            "host_id": null,
            "iam_instance_profile": "",
            "id": "i-0a47c3479ff861c3f",
            "instance_initiated_shutdown_behavior": "stop",
            "instance_state": "running",
            "instance_type": "t2.micro",
            "ipv6_address_count": 0,
            "ipv6_addresses": [],
            "key_name": "default_ec2",
            "launch_template": [],
            "metadata_options": [
              {
                "http_endpoint": "enabled",
                "http_put_response_hop_limit": 1,
                "http_tokens": "optional",
                "instance_metadata_tags": "disabled"
              }
            ],
            "monitoring": false,
            "network_interface": [],
            "outpost_arn": "",
            "password_data": "",
            "placement_group": "",
            "placement_partition_number": null,
            "primary_network_interface_id": "eni-025ac774a6e9840ba",
            "private_dns": "ip-172-31-55-230.ec2.internal",
            "private_ip": "172.31.55.230",
            "public_dns": "ec2-54-90-46-239.compute-1.amazonaws.com",
            "public_ip": "54.90.46.239",
            "root_block_device": [
              {
                "delete_on_termination": true,
                "device_name": "/dev/xvda",
                "encrypted": false,
                "iops": 100,
                "kms_key_id": "",
                "tags": {},
                "throughput": 0,
                "volume_id": "vol-051f5e5a60c1e4d16",
                "volume_size": 8,
                "volume_type": "gp2"
              }
            ],
            "secondary_private_ips": [],
            "security_groups": [
              "http_server_sg"
            ],
            "source_dest_check": true,
            "subnet_id": "subnet-0bedf9c6414dd6599",
            "tags": {
              "name": "http_servers_subnet-0bedf9c6414dd6599"
            },
            "tags_all": {
              "name": "http_servers_subnet-0bedf9c6414dd6599"
            },
            "tenancy": "default",
            "timeouts": null,
            "user_data": null,
            "user_data_base64": null,
            "volume_tags": null,
            "vpc_security_group_ids": [
              "sg-0e548a2dff1b7e5e8"
            ]
          },
          "sensitive_attributes": [],
          "private": "eyJlMmJmYjczMC1lY2FhLTExZTYtOGY4OC0zNDM2M2JjN2M0YzAiOnsiY3JlYXRlIjo2MDAwMDAwMDAwMDAsImRlbGV0ZSI6MTIwMDAwMDAwMDAwMCwidXBkYXRlIjo2MDAwMDAwMDAwMDB9LCJzY2hlbWFfdmVyc2lvbiI6IjEifQ==",
          "dependencies": [
            "aws_default_vpc.default",
            "aws_security_group.http_server_sg",
            "data.aws_ami.aws_linux_2_latest",
            "data.aws_subnets.default_subnets"
          ]
        },
        {
          "index_key": "subnet-0cb15d0898267c776",
          "schema_version": 1,
          "attributes": {
            "ami": "ami-0aa7d40eeae50c9a9",
            "arn": "arn:aws:ec2:us-east-1:640178891949:instance/i-0bd66a63af68ea299",
            "associate_public_ip_address": true,
            "availability_zone": "us-east-1d",
            "capacity_reservation_specification": [
              {
                "capacity_reservation_preference": "open",
                "capacity_reservation_target": []
              }
            ],
            "cpu_core_count": 1,
            "cpu_threads_per_core": 1,
            "credit_specification": [
              {
                "cpu_credits": "standard"
              }
            ],
            "disable_api_termination": false,
            "ebs_block_device": [],
            "ebs_optimized": false,
            "enclave_options": [
              {
                "enabled": false
              }
            ],
            "ephemeral_block_device": [],
            "get_password_data": false,
            "hibernation": false,
            "host_id": null,
            "iam_instance_profile": "",
            "id": "i-0bd66a63af68ea299",
            "instance_initiated_shutdown_behavior": "stop",
            "instance_state": "running",
            "instance_type": "t2.micro",
            "ipv6_address_count": 0,
            "ipv6_addresses": [],
            "key_name": "default_ec2",
            "launch_template": [],
            "metadata_options": [
              {
                "http_endpoint": "enabled",
                "http_put_response_hop_limit": 1,
                "http_tokens": "optional",
                "instance_metadata_tags": "disabled"
              }
            ],
            "monitoring": false,
            "network_interface": [],
            "outpost_arn": "",
            "password_data": "",
            "placement_group": "",
            "placement_partition_number": null,
            "primary_network_interface_id": "eni-011a22a9f29c22964",
            "private_dns": "ip-172-31-29-2.ec2.internal",
            "private_ip": "172.31.29.2",
            "public_dns": "ec2-3-88-41-47.compute-1.amazonaws.com",
            "public_ip": "3.88.41.47",
            "root_block_device": [
              {
                "delete_on_termination": true,
                "device_name": "/dev/xvda",
                "encrypted": false,
                "iops": 100,
                "kms_key_id": "",
                "tags": {},
                "throughput": 0,
                "volume_id": "vol-0fa1217fdbd0669ca",
                "volume_size": 8,
                "volume_type": "gp2"
              }
            ],
            "secondary_private_ips": [],
            "security_groups": [
              "http_server_sg"
            ],
            "source_dest_check": true,
            "subnet_id": "subnet-0cb15d0898267c776",
            "tags": {
              "name": "http_servers_subnet-0cb15d0898267c776"
            },
            "tags_all": {
              "name": "http_servers_subnet-0cb15d0898267c776"
            },
            "tenancy": "default",
            "timeouts": null,
            "user_data": null,
            "user_data_base64": null,
            "volume_tags": null,
            "vpc_security_group_ids": [
              "sg-0e548a2dff1b7e5e8"
            ]
          },
          "sensitive_attributes": [],
          "private": "eyJlMmJmYjczMC1lY2FhLTExZTYtOGY4OC0zNDM2M2JjN2M0YzAiOnsiY3JlYXRlIjo2MDAwMDAwMDAwMDAsImRlbGV0ZSI6MTIwMDAwMDAwMDAwMCwidXBkYXRlIjo2MDAwMDAwMDAwMDB9LCJzY2hlbWFfdmVyc2lvbiI6IjEifQ==",
          "dependencies": [
            "aws_default_vpc.default",
            "aws_security_group.http_server_sg",
            "data.aws_ami.aws_linux_2_latest",
            "data.aws_subnets.default_subnets"
          ]
        },
        {
          "index_key": "subnet-0d1a4f4071a9d6970",
          "schema_version": 1,
          "attributes": {
            "ami": "ami-0aa7d40eeae50c9a9",
            "arn": "arn:aws:ec2:us-east-1:640178891949:instance/i-05a3e73a6186238d4",
            "associate_public_ip_address": true,
            "availability_zone": "us-east-1f",
            "capacity_reservation_specification": [
              {
                "capacity_reservation_preference": "open",
                "capacity_reservation_target": []
              }
            ],
            "cpu_core_count": 1,
            "cpu_threads_per_core": 1,
            "credit_specification": [
              {
                "cpu_credits": "standard"
              }
            ],
            "disable_api_termination": false,
            "ebs_block_device": [],
            "ebs_optimized": false,
            "enclave_options": [
              {
                "enabled": false
              }
            ],
            "ephemeral_block_device": [],
            "get_password_data": false,
            "hibernation": false,
            "host_id": null,
            "iam_instance_profile": "",
            "id": "i-05a3e73a6186238d4",
            "instance_initiated_shutdown_behavior": "stop",
            "instance_state": "running",
            "instance_type": "t2.micro",
            "ipv6_address_count": 0,
            "ipv6_addresses": [],
            "key_name": "default_ec2",
            "launch_template": [],
            "metadata_options": [
              {
                "http_endpoint": "enabled",
                "http_put_response_hop_limit": 1,
                "http_tokens": "optional",
                "instance_metadata_tags": "disabled"
              }
            ],
            "monitoring": false,
            "network_interface": [],
            "outpost_arn": "",
            "password_data": "",
            "placement_group": "",
            "placement_partition_number": null,
            "primary_network_interface_id": "eni-03d2e5a086ef9be11",
            "private_dns": "ip-172-31-65-238.ec2.internal",
            "private_ip": "172.31.65.238",
            "public_dns": "ec2-3-93-74-166.compute-1.amazonaws.com",
            "public_ip": "3.93.74.166",
            "root_block_device": [
              {
                "delete_on_termination": true,
                "device_name": "/dev/xvda",
                "encrypted": false,
                "iops": 100,
                "kms_key_id": "",
                "tags": {},
                "throughput": 0,
                "volume_id": "vol-0bca36a63bcdc8c88",
                "volume_size": 8,
                "volume_type": "gp2"
              }
            ],
            "secondary_private_ips": [],
            "security_groups": [
              "http_server_sg"
            ],
            "source_dest_check": true,
            "subnet_id": "subnet-0d1a4f4071a9d6970",
            "tags": {
              "name": "http_servers_subnet-0d1a4f4071a9d6970"
            },
            "tags_all": {
              "name": "http_servers_subnet-0d1a4f4071a9d6970"
            },
            "tenancy": "default",
            "timeouts": null,
            "user_data": null,
            "user_data_base64": null,
            "volume_tags": null,
            "vpc_security_group_ids": [
              "sg-0e548a2dff1b7e5e8"
            ]
          },
          "sensitive_attributes": [],
          "private": "eyJlMmJmYjczMC1lY2FhLTExZTYtOGY4OC0zNDM2M2JjN2M0YzAiOnsiY3JlYXRlIjo2MDAwMDAwMDAwMDAsImRlbGV0ZSI6MTIwMDAwMDAwMDAwMCwidXBkYXRlIjo2MDAwMDAwMDAwMDB9LCJzY2hlbWFfdmVyc2lvbiI6IjEifQ==",
          "dependencies": [
            "aws_default_vpc.default",
            "aws_security_group.http_server_sg",
            "data.aws_ami.aws_linux_2_latest",
            "data.aws_subnets.default_subnets"
          ]
        },
        {
          "index_key": "subnet-0ef0d5508555e7946",
          "schema_version": 1,
          "attributes": {
            "ami": "ami-0aa7d40eeae50c9a9",
            "arn": "arn:aws:ec2:us-east-1:640178891949:instance/i-0799aa4eec68cbe32",
            "associate_public_ip_address": true,
            "availability_zone": "us-east-1a",
            "capacity_reservation_specification": [
              {
                "capacity_reservation_preference": "open",
                "capacity_reservation_target": []
              }
            ],
            "cpu_core_count": 1,
            "cpu_threads_per_core": 1,
            "credit_specification": [
              {
                "cpu_credits": "standard"
              }
            ],
            "disable_api_termination": false,
            "ebs_block_device": [],
            "ebs_optimized": false,
            "enclave_options": [
              {
                "enabled": false
              }
            ],
            "ephemeral_block_device": [],
            "get_password_data": false,
            "hibernation": false,
            "host_id": null,
            "iam_instance_profile": "",
            "id": "i-0799aa4eec68cbe32",
            "instance_initiated_shutdown_behavior": "stop",
            "instance_state": "running",
            "instance_type": "t2.micro",
            "ipv6_address_count": 0,
            "ipv6_addresses": [],
            "key_name": "default_ec2",
            "launch_template": [],
            "metadata_options": [
              {
                "http_endpoint": "enabled",
                "http_put_response_hop_limit": 1,
                "http_tokens": "optional",
                "instance_metadata_tags": "disabled"
              }
            ],
            "monitoring": false,
            "network_interface": [],
            "outpost_arn": "",
            "password_data": "",
            "placement_group": "",
            "placement_partition_number": null,
            "primary_network_interface_id": "eni-01ab448e5c806989e",
            "private_dns": "ip-172-31-41-79.ec2.internal",
            "private_ip": "172.31.41.79",
            "public_dns": "ec2-54-196-64-247.compute-1.amazonaws.com",
            "public_ip": "54.196.64.247",
            "root_block_device": [
              {
                "delete_on_termination": true,
                "device_name": "/dev/xvda",
                "encrypted": false,
                "iops": 100,
                "kms_key_id": "",
                "tags": {},
                "throughput": 0,
                "volume_id": "vol-0d216d3d4c114bb71",
                "volume_size": 8,
                "volume_type": "gp2"
              }
            ],
            "secondary_private_ips": [],
            "security_groups": [
              "http_server_sg"
            ],
            "source_dest_check": true,
            "subnet_id": "subnet-0ef0d5508555e7946",
            "tags": {
              "name": "http_servers_subnet-0ef0d5508555e7946"
            },
            "tags_all": {
              "name": "http_servers_subnet-0ef0d5508555e7946"
            },
            "tenancy": "default",
            "timeouts": null,
            "user_data": null,
            "user_data_base64": null,
            "volume_tags": null,
            "vpc_security_group_ids": [
              "sg-0e548a2dff1b7e5e8"
            ]
          },
          "sensitive_attributes": [],
          "private": "eyJlMmJmYjczMC1lY2FhLTExZTYtOGY4OC0zNDM2M2JjN2M0YzAiOnsiY3JlYXRlIjo2MDAwMDAwMDAwMDAsImRlbGV0ZSI6MTIwMDAwMDAwMDAwMCwidXBkYXRlIjo2MDAwMDAwMDAwMDB9LCJzY2hlbWFfdmVyc2lvbiI6IjEifQ==",
          "dependencies": [
            "aws_default_vpc.default",
            "aws_security_group.http_server_sg",
            "data.aws_ami.aws_linux_2_latest",
            "data.aws_subnets.default_subnets"
          ]
        },
        {
          "index_key": "subnet-0f985ad1110613594",
          "schema_version": 1,
          "attributes": {
            "ami": "ami-0aa7d40eeae50c9a9",
            "arn": "arn:aws:ec2:us-east-1:640178891949:instance/i-02cc3bcdb6dbda330",
            "associate_public_ip_address": true,
            "availability_zone": "us-east-1c",
            "capacity_reservation_specification": [
              {
                "capacity_reservation_preference": "open",
                "capacity_reservation_target": []
              }
            ],
            "cpu_core_count": 1,
            "cpu_threads_per_core": 1,
            "credit_specification": [
              {
                "cpu_credits": "standard"
              }
            ],
            "disable_api_termination": false,
            "ebs_block_device": [],
            "ebs_optimized": false,
            "enclave_options": [
              {
                "enabled": false
              }
            ],
            "ephemeral_block_device": [],
            "get_password_data": false,
            "hibernation": false,
            "host_id": null,
            "iam_instance_profile": "",
            "id": "i-02cc3bcdb6dbda330",
            "instance_initiated_shutdown_behavior": "stop",
            "instance_state": "running",
            "instance_type": "t2.micro",
            "ipv6_address_count": 0,
            "ipv6_addresses": [],
            "key_name": "default_ec2",
            "launch_template": [],
            "metadata_options": [
              {
                "http_endpoint": "enabled",
                "http_put_response_hop_limit": 1,
                "http_tokens": "optional",
                "instance_metadata_tags": "disabled"
              }
            ],
            "monitoring": false,
            "network_interface": [],
            "outpost_arn": "",
            "password_data": "",
            "placement_group": "",
            "placement_partition_number": null,
            "primary_network_interface_id": "eni-0e320f450afa921ed",
            "private_dns": "ip-172-31-89-219.ec2.internal",
            "private_ip": "172.31.89.219",
            "public_dns": "ec2-35-175-151-31.compute-1.amazonaws.com",
            "public_ip": "35.175.151.31",
            "root_block_device": [
              {
                "delete_on_termination": true,
                "device_name": "/dev/xvda",
                "encrypted": false,
                "iops": 100,
                "kms_key_id": "",
                "tags": {},
                "throughput": 0,
                "volume_id": "vol-0ea3647b42cd0c638",
                "volume_size": 8,
                "volume_type": "gp2"
              }
            ],
            "secondary_private_ips": [],
            "security_groups": [
              "http_server_sg"
            ],
            "source_dest_check": true,
            "subnet_id": "subnet-0f985ad1110613594",
            "tags": {
              "name": "http_servers_subnet-0f985ad1110613594"
            },
            "tags_all": {
              "name": "http_servers_subnet-0f985ad1110613594"
            },
            "tenancy": "default",
            "timeouts": null,
            "user_data": null,
            "user_data_base64": null,
            "volume_tags": null,
            "vpc_security_group_ids": [
              "sg-0e548a2dff1b7e5e8"
            ]
          },
          "sensitive_attributes": [],
          "private": "eyJlMmJmYjczMC1lY2FhLTExZTYtOGY4OC0zNDM2M2JjN2M0YzAiOnsiY3JlYXRlIjo2MDAwMDAwMDAwMDAsImRlbGV0ZSI6MTIwMDAwMDAwMDAwMCwidXBkYXRlIjo2MDAwMDAwMDAwMDB9LCJzY2hlbWFfdmVyc2lvbiI6IjEifQ==",
          "dependencies": [
            "aws_default_vpc.default",
            "aws_security_group.http_server_sg",
            "data.aws_ami.aws_linux_2_latest",
            "data.aws_subnets.default_subnets"
          ]
        }
      ]
    },
    {
      "mode": "managed",
      "type": "aws_security_group",
      "name": "elb_sg",
      "provider": "provider[\"registry.terraform.io/hashicorp/aws\"]",
      "instances": [
        {
          "schema_version": 1,
          "attributes": {
            "arn": "arn:aws:ec2:us-east-1:640178891949:security-group/sg-02751d552f3cf05f8",
            "description": "Managed by Terraform",
            "egress": [
              {
                "cidr_blocks": [
                  "0.0.0.0/0"
                ],
                "description": "",
                "from_port": 0,
                "ipv6_cidr_blocks": [],
                "prefix_list_ids": [],
                "protocol": "-1",
                "security_groups": [],
                "self": false,
                "to_port": 0
              }
            ],
            "id": "sg-02751d552f3cf05f8",
            "ingress": [
              {
                "cidr_blocks": [
                  "0.0.0.0/0"
                ],
                "description": "",
                "from_port": 80,
                "ipv6_cidr_blocks": [],
                "prefix_list_ids": [],
                "protocol": "tcp",
                "security_groups": [],
                "self": false,
                "to_port": 80
              }
            ],
            "name": "elb_sg",
            "name_prefix": "",
            "owner_id": "640178891949",
            "revoke_rules_on_delete": false,
            "tags": {},
            "tags_all": {},
            "timeouts": null,
            "vpc_id": "vpc-0d098073d3eb2d578"
          },
          "sensitive_attributes": [],
          "private": "eyJlMmJmYjczMC1lY2FhLTExZTYtOGY4OC0zNDM2M2JjN2M0YzAiOnsiY3JlYXRlIjo2MDAwMDAwMDAwMDAsImRlbGV0ZSI6OTAwMDAwMDAwMDAwfSwic2NoZW1hX3ZlcnNpb24iOiIxIn0=",
          "dependencies": [
            "aws_default_vpc.default"
          ]
        }
      ]
    },
    {
      "mode": "managed",
      "type": "aws_security_group",
      "name": "http_server_sg",
      "provider": "provider[\"registry.terraform.io/hashicorp/aws\"]",
      "instances": [
        {
          "schema_version": 1,
          "attributes": {
            "arn": "arn:aws:ec2:us-east-1:640178891949:security-group/sg-0e548a2dff1b7e5e8",
            "description": "Managed by Terraform",
            "egress": [
              {
                "cidr_blocks": [
                  "0.0.0.0/0"
                ],
                "description": "",
                "from_port": 0,
                "ipv6_cidr_blocks": [],
                "prefix_list_ids": [],
                "protocol": "-1",
                "security_groups": [],
                "self": false,
                "to_port": 0
              }
            ],
            "id": "sg-0e548a2dff1b7e5e8",
            "ingress": [
              {
                "cidr_blocks": [
                  "0.0.0.0/0"
                ],
                "description": "",
                "from_port": 22,
                "ipv6_cidr_blocks": [],
                "prefix_list_ids": [],
                "protocol": "tcp",
                "security_groups": [],
                "self": false,
                "to_port": 22
              },
              {
                "cidr_blocks": [
                  "0.0.0.0/0"
                ],
                "description": "",
                "from_port": 80,
                "ipv6_cidr_blocks": [],
                "prefix_list_ids": [],
                "protocol": "tcp",
                "security_groups": [],
                "self": false,
                "to_port": 80
              }
            ],
            "name": "http_server_sg",
            "name_prefix": "",
            "owner_id": "640178891949",
            "revoke_rules_on_delete": false,
            "tags": {
              "name": "http_server_sg"
            },
            "tags_all": {
              "name": "http_server_sg"
            },
            "timeouts": null,
            "vpc_id": "vpc-0d098073d3eb2d578"
          },
          "sensitive_attributes": [],
          "private": "eyJlMmJmYjczMC1lY2FhLTExZTYtOGY4OC0zNDM2M2JjN2M0YzAiOnsiY3JlYXRlIjo2MDAwMDAwMDAwMDAsImRlbGV0ZSI6OTAwMDAwMDAwMDAwfSwic2NoZW1hX3ZlcnNpb24iOiIxIn0=",
          "dependencies": [
            "aws_default_vpc.default"
          ]
        }
      ]
    }
  ],
  "check_results": null
}
