{
  "version": 4,
  "terraform_version": "1.3.7",
  "serial": 8,
  "lineage": "436e620e-faa5-729c-0d23-6e3ba07e4b69",
  "outputs": {},
  "resources": [
    {
      "mode": "managed",
      "type": "aws_iam_user",
      "name": "test_iam_users",
      "provider": "provider[\"registry.terraform.io/hashicorp/aws\"]",
      "instances": [
        {
          "index_key": "bob",
          "schema_version": 0,
          "attributes": {
            "arn": "arn:aws:iam::640178891949:user/bob",
            "force_destroy": false,
            "id": "bob",
            "name": "bob",
            "path": "/",
            "permissions_boundary": null,
            "tags": {
              "age": "43",
              "country": "US"
            },
            "tags_all": {
              "age": "43",
              "country": "US"
            },
            "unique_id": "AIDAZKDNCVSWRK2KTXFDZ"
          },
          "sensitive_attributes": [],
          "private": "bnVsbA=="
        },
        {
          "index_key": "john",
          "schema_version": 0,
          "attributes": {
            "arn": "arn:aws:iam::640178891949:user/john",
            "force_destroy": false,
            "id": "john",
            "name": "john",
            "path": "/",
            "permissions_boundary": null,
            "tags": {
              "age": "25",
              "country": "UK"
            },
            "tags_all": {
              "age": "25",
              "country": "UK"
            },
            "unique_id": "AIDAZKDNCVSWQ6F4FMWES"
          },
          "sensitive_attributes": [],
          "private": "bnVsbA=="
        },
        {
          "index_key": "josh",
          "schema_version": 0,
          "attributes": {
            "arn": "arn:aws:iam::640178891949:user/josh",
            "force_destroy": false,
            "id": "josh",
            "name": "josh",
            "path": "/",
            "permissions_boundary": null,
            "tags": {
              "age": "33",
              "country": "EU"
            },
            "tags_all": {
              "age": "33",
              "country": "EU"
            },
            "unique_id": "AIDAZKDNCVSWX7E55DW6P"
          },
          "sensitive_attributes": [],
          "private": "bnVsbA=="
        }
      ]
    }
  ],
  "check_results": null
}
