{
  "version": 4,
  "terraform_version": "1.3.7",
  "serial": 5,
  "lineage": "a2b02dab-1f0e-58cb-0203-c9f524152752",
  "outputs": {},
  "resources": [
    {
      "mode": "managed",
      "type": "aws_iam_user",
      "name": "test_iam_user",
      "provider": "provider[\"registry.terraform.io/hashicorp/aws\"]",
      "instances": [
        {
          "schema_version": 0,
          "attributes": {
            "arn": "arn:aws:iam::640178891949:user/test_new_iam_user_from_terminal_updated",
            "force_destroy": false,
            "id": "test_new_iam_user_from_terminal_updated",
            "name": "test_new_iam_user_from_terminal_updated",
            "path": "/",
            "permissions_boundary": null,
            "tags": {},
            "tags_all": {},
            "unique_id": "AIDAZKDNCVSWZFSQ563DC"
          },
          "sensitive_attributes": [],
          "private": "bnVsbA=="
        }
      ]
    },
    {
      "mode": "managed",
      "type": "aws_s3_bucket_versioning",
      "name": "test_s3_bucket",
      "provider": "provider[\"registry.terraform.io/hashicorp/aws\"]",
      "instances": [
        {
          "schema_version": 0,
          "attributes": {
            "bucket": "test-s3-bucket-skytechbv-0001",
            "expected_bucket_owner": "",
            "id": "test-s3-bucket-skytechbv-0001",
            "mfa": null,
            "versioning_configuration": [
              {
                "mfa_delete": "Disabled",
                "status": "Enabled"
              }
            ]
          },
          "sensitive_attributes": [],
          "private": "bnVsbA=="
        }
      ]
    }
  ],
  "check_results": null
}
